
Microsoft Visual Studio Solution File, Format Version 12.00
# Visual Studio Version 17
VisualStudioVersion = 17.9.34622.214
MinimumVisualStudioVersion = 10.0.40219.1
Project("{FAE04EC0-301F-11D3-BF4B-00C04F79EFBC}") = "CustomerOperationsApi", "src\CustomerOperationsApi\CustomerOperationsApi.csproj", "{6EAF0124-362B-4578-8027-C26E07B5459D}"
EndProject
Global
	GlobalSection(SolutionConfigurationPlatforms) = preSolution
		Debug|Any CPU = Debug|Any CPU
		Release|Any CPU = Release|Any CPU
	EndGlobalSection
	GlobalSection(ProjectConfigurationPlatforms) = postSolution
		{6EAF0124-362B-4578-8027-C26E07B5459D}.Debug|Any CPU.ActiveCfg = Debug|Any CPU
		{6EAF0124-362B-4578-8027-C26E07B5459D}.Debug|Any CPU.Build.0 = Debug|Any CPU
		{6EAF0124-362B-4578-8027-C26E07B5459D}.Release|Any CPU.ActiveCfg = Release|Any CPU
		{6EAF0124-362B-4578-8027-C26E07B5459D}.Release|Any CPU.Build.0 = Release|Any CPU
	EndGlobalSection
	GlobalSection(SolutionProperties) = preSolution
		HideSolutionNode = FALSE
	EndGlobalSection
	GlobalSection(ExtensibilityGlobals) = postSolution
		SolutionGuid = {342E0CF4-466E-4E37-B05F-D2D1E1CD56B1}
	EndGlobalSection
EndGlobal
